{
    "version": 3,
    "terraform_version": "0.11.7",
    "serial": 2,
    "lineage": "3eacc5b9-63cd-4cc0-47c3-7aef08eb1688",
    "modules": [
        {
            "path": [
                "root"
            ],
            "outputs": {},
            "resources": {
                "data.google_compute_zones.available": {
                    "type": "google_compute_zones",
                    "depends_on": [],
                    "primary": {
                        "id": "2018-05-04 15:30:01.436139141 +0000 UTC",
                        "attributes": {
                            "id": "2018-05-04 15:30:01.436139141 +0000 UTC",
                            "names.#": "3",
                            "names.0": "us-east1-b",
                            "names.1": "us-east1-c",
                            "names.2": "us-east1-d",
                            "project": "ls-compute",
                            "region": "us-east1"
                        },
                        "meta": {},
                        "tainted": false
                    },
                    "deposed": [],
                    "provider": "provider.google"
                },
                "google_container_cluster.arcts-kube": {
                    "type": "google_container_cluster",
                    "depends_on": [
                        "data.google_compute_zones.available"
                    ],
                    "primary": {
                        "id": "arcts-kube",
                        "attributes": {
                            "additional_zones.#": "0",
                            "addons_config.#": "1",
                            "addons_config.0.horizontal_pod_autoscaling.#": "0",
                            "addons_config.0.http_load_balancing.#": "0",
                            "addons_config.0.kubernetes_dashboard.#": "0",
                            "addons_config.0.network_policy_config.#": "1",
                            "addons_config.0.network_policy_config.0.disabled": "true",
                            "cluster_ipv4_cidr": "10.48.0.0/14",
                            "description": "",
                            "enable_kubernetes_alpha": "false",
                            "enable_legacy_abac": "false",
                            "endpoint": "35.196.167.195",
                            "id": "arcts-kube",
                            "initial_node_count": "3",
                            "instance_group_urls.#": "1",
                            "instance_group_urls.0": "https://www.googleapis.com/compute/v1/projects/ls-compute/zones/us-east1-b/instanceGroups/gke-arcts-kube-default-pool-29c73390-grp",
                            "logging_service": "logging.googleapis.com",
                            "master_auth.#": "1",
                            "master_auth.0.client_certificate": "LS0tLS1CRUdJTiBDRVJUSUZJQ0FURS0tLS0tCk1JSUMyakNDQWNLZ0F3SUJBZ0lRZXZEZXFxYW9WV3JmUmRRV2E4R2tzVEFOQmdrcWhraUc5dzBCQVFzRkFEQXYKTVMwd0t3WURWUVFERXlSaE9HSTJPVEZqTmkwMk16Tm1MVFF3WXpZdE9EZGpaQzB3WXpaalpXTmxOMkUzWXpJdwpIaGNOTVRnd05UQTBNVFV6TURBMldoY05Nak13TlRBek1UVXpNREEyV2pBUk1ROHdEUVlEVlFRREV3WmpiR2xsCmJuUXdnZ0VpTUEwR0NTcUdTSWIzRFFFQkFRVUFBNElCRHdBd2dnRUtBb0lCQVFDeU84SUpaNkxKcGVOc1VVeS8KcElETzQ0aEpiRXUzZVdCdU1COExZOEs2RG5tZ2pYckFQSmExcEJ6S3hwMVZXZVlVUUZic3QwUURBOFVOS0oxNgpoYk9DZUxheFFha0dRZE5sRU0rbzlIS3RXYnNJLzFpZ2p5YWVUR1I3TDNZYytCc2huVUZHUVBmWGV1aXJKMVNWCkQzVFhLUWY2QXl3cHBMTUFwN0xrRWd1WmNOTnpna0RYTHhxblBFaVhJYnQyU0JOR2pKa1p1Nk4xdEpKSGdUOWYKNThHYjNENm5JWDhSUzJ3bXVoQWxTR0orTW9VMnZTYWVUZ3ovY0Zwc2ltSm5DUzQwbHFOQWFUTm5SK0RDUjVIdgpDUWl4U0czU2w3R25ORG5hdU5ZaHRLM2dwU2tvZWxYbStFY1dvdktZeHIweTRkcXVrclVPVCtpZWh6MlJRVnVnCkZuV0pBZ01CQUFHakVEQU9NQXdHQTFVZEV3RUIvd1FDTUFBd0RRWUpLb1pJaHZjTkFRRUxCUUFEZ2dFQkFCQ3UKeklVNUM4blhabTViSXZIUDI4SGVpNkNQa2NmWGFlVXd2UmRIbEVVK1h6Yy9IaHVlVWZvajFoQVQ1TUdMcUYxcAovZ2hoVFZqQjJ1KzZNL05PUmZJQmlDbFFUTXp5MTJTWlhQeGRncDhubndzU0k5OGFmcTkycC9YQXpHRnJtQU4xCktxUnpIVXY1RnZnb0JCWHp1TEp6TWdRU05udDVLYS9HdWY1WlV5L25QTHJnRjFZUjBmQjBEeWFRWXdTVzM4a2wKTDRxeVpJNU5VdURYVzl3L1daTG40ZmRtYk9vRmdhVHlHZDV4ckI5N2ZVU3hETjNpOWUwQUN3VFk4QVZkamlyTApUOTBHVlB5NkNOdXl5ZXY4K1RkdjVNNmtsaVFTcFF3OEJEUncxb1BKNjJjNkRhUVlQRkx6QkNJMjRhcW9xTm1zCmZZcHNBYllyZlB2c29kcDg3bHM9Ci0tLS0tRU5EIENFUlRJRklDQVRFLS0tLS0K",
                            "master_auth.0.client_certificate_config.#": "0",
                            "master_auth.0.client_key": "LS0tLS1CRUdJTiBSU0EgUFJJVkFURSBLRVktLS0tLQpNSUlFb2dJQkFBS0NBUUVBc2p2Q0NXZWl5YVhqYkZGTXY2U0F6dU9JU1d4THQzbGdiakFmQzJQQ3VnNTVvSTE2CndEeVd0YVFjeXNhZFZWbm1GRUJXN0xkRUF3UEZEU2lkZW9XemduaTJzVUdwQmtIVFpSRFBxUFJ5clZtN0NQOVkKb0k4bW5reGtleTkySFBnYklaMUJSa0QzMTNyb3F5ZFVsUTkwMXlrSCtnTXNLYVN6QUtleTVCSUxtWERUYzRKQQoxeThhcHp4SWx5Rzdka2dUUm95WkdidWpkYlNTUjRFL1grZkJtOXcrcHlGL0VVdHNKcm9RSlVoaWZqS0ZOcjBtCm5rNE0vM0JhYklwaVp3a3VOSmFqUUdrelowZmd3a2VSN3drSXNVaHQwcGV4cHpRNTJyaldJYlN0NEtVcEtIcFYKNXZoSEZxTHltTWE5TXVIYXJwSzFEay9vbm9jOWtVRmJvQloxaVFJREFRQUJBb0lCQUExVUpMV1pWM1ltL3JQcAovSWhVWUFHWXlHZGRQdWhRbm1KL0hNTTRTYWFxVUhRdVFHREI1eTljUDM3MmpXdUZsb3dySjVUNk80N1NLRmxNCmtVSkpYMXhCZE1BYXZlNG0zQTB4emFXLzZoZUduMU1UN1dmTWJNSG55cGZmdThCODJXS1JKUUdBK0VmWC9EQlkKZDUzU0V4WElEcjJtb1JYWUtEN0RTOEI4alB1RGNWNkJBNzRLcWFJK0N5WWRTWi9QMmNvL05McndZZzJWUjZHSgpDa3dhNVFwQStySUY1SjdZMlg0QzhlWlNSclBUVGJRRlFhQ2orNGlZY1QwaFBMeUhIaG5lR0Q4a2NWSkEwVm5zCkVRL1ZPa0xSTldRVk9IM3VXZDF5aW9tdkNaejRHbk9iZUJYTUFYOFBETmg4YzRlM1BSSVBpcmxxUFBqa3Fjbm8KUWEybHVaVUNnWUVBN01YTGhzK1oyY1dZTUhGNXp0eWY2OFp4eVpDZ2o2RnFaeXNuTGluWUR2Mjh3VDkwamZIWAp1R05hR2puclMrcHdOalFLSmw1L29SUnpJaGRqUDR6S3RlUXU1Qm04VzFGWFJ3WHd6S05aY0JabzAzMkh2QXVoCjdxcG16Tk1pMVVHR2lidWhoNk9rVDZLTGJ0Y2p2bXJjMUpEVnZYQzVwajV2d3NvdTB3TENOVU1DZ1lFQXdMVUIKcTRGc29kVkhRTzhNWW1JYloyQzJVQzVSRm93VnFXdzhNcStNVWk5OWFPQjJiWTd5ajdxVG4vcnJsUHFPUVhjRwo2RlRUS25Bd0RYaDlsejRmbm5JamF4Z0RlZm01NFRTcU1JbXNQNHNTL1kvbC9EdklOY2lDZ3JBQ1BSNnd3STZLCnlLajRsL2RHbFN5empYbitacnZmRm1KQU5aSTBFWDd2UHJWSWwwTUNnWUFySDFzU0VuMVN6RW9MaUo5R3JhZnkKcVJIUVJDYjZBY3YvUGp6RWk1cHVJSWhnS2M1d2k3dGVPYm9QVEwwdDltUzVlb0RldkJkQ254YlkvcWwweVkraAowUTA1UGZhd0t3QmFUeHFzS3BQL2RoVmhiMXRwUkRVWjRxOFdYdDNaT1RYbm4rU3JiNEpkZnAwbWNzaHZ4Y2F5CmNDNTljaXBkdk1GZUdMU3VlYklsUVFLQmdFeUsyTm4xYzErb1pqL3RjMTdVbHd2dHh4eDcrU3RhZ3ZRamtKbVYKVHNnS0l1YjRXVEhWR0pWc1IxekEvcmZTK1pRWklmNUFTd3ZOT2RqdjVmcWY2MUUxQnNwdjVGbWJqbkJjU2Nregp0ZDRiY0hTVXBvWVVmTWFZR1BhdDBJWFVYZUp0KzhRT0VZZlM2UTh4alRRQm84SE1sNlM5YThHYmkrRHpLVFlnCkxYQWZBb0dBRGxBd0QrMndINjh3bkJEUVNwNGc2d0M5eEh0Y3YzRmt5ZWtuRlVZMTNvNm1sVCsrUVhKRlhxZXgKSDNEVFZEbWNLaGFPUDVuQjFjVUpzYWNlQk9XYVZlMldWMTQ2V24xb1ByM3FDNHJVMVNXR0ZrREVHUENpT3lZcQptODNUMWhKa2VVdlAyTnpwY0RMN2FmWTJyVjh6TUpXOWF3amYzMXJhd3I3VXNEbWdIK009Ci0tLS0tRU5EIFJTQSBQUklWQVRFIEtFWS0tLS0tCg==",
                            "master_auth.0.cluster_ca_certificate": "LS0tLS1CRUdJTiBDRVJUSUZJQ0FURS0tLS0tCk1JSURERENDQWZTZ0F3SUJBZ0lSQUlDTFRMbkJTUlNZQjl3bVEzbHoyd1l3RFFZSktvWklodmNOQVFFTEJRQXcKTHpFdE1Dc0dBMVVFQXhNa1lUaGlOamt4WXpZdE5qTXpaaTAwTUdNMkxUZzNZMlF0TUdNMlkyVmpaVGRoTjJNeQpNQjRYRFRFNE1EVXdOREUwTXpBd05Wb1hEVEl6TURVd016RTFNekF3TlZvd0x6RXRNQ3NHQTFVRUF4TWtZVGhpCk5qa3hZell0TmpNelppMDBNR00yTFRnM1kyUXRNR00yWTJWalpUZGhOMk15TUlJQklqQU5CZ2txaGtpRzl3MEIKQVFFRkFBT0NBUThBTUlJQkNnS0NBUUVBc2c0SXF3Q3VCczNiTEg4dmpjMVhDS0JuQVFiQnBaL1prMExLZjFXego0WXpPWHFTb1FPcnNTbGJ5cktpQzRkbklqbVJJRTR1MzlhdGh2V05tckVOTFBKc0pRT0Y0Y29qNjdJRUw2UTdmCnZXdm9FdDR3NEhYU2RJNmxnVEI3MnlqRTZHbXE0OGNZTkJ4UG5peDhGV001YkxyMXY5RGNER3kyR1ZSM3AxcU4KYWFuYUJ3cUNnOWEwcVFDK1NGcUNWUDhzNXV1V08zNlo3bDBscHREVVRNNDB1RTBHb2Z3dFZDZlVVVlkwdVNvawp1dUxGUEN1dUZ3Mk1MSGVHdTBzZnY2VXEvcENhSVZvRzFsZS9PbG5vdlhEdStTeUVCV3J4Z3hPT2QxRXJqMVAvCkRtNmYyeVoxYUNQMEtsYVNCaHlaMzNqZWxQdFhmZ2ptS3AzUnFaRVpvOXVnNXdJREFRQUJveU13SVRBT0JnTlYKSFE4QkFmOEVCQU1DQWdRd0R3WURWUjBUQVFIL0JBVXdBd0VCL3pBTkJna3Foa2lHOXcwQkFRc0ZBQU9DQVFFQQpHejdodHd0aktxcHJia29iSVdscTZONlZwZE9rN3ZPT0RmYUpBQlI0UW8zdHFoc0l3RW9BYWs2UzNQNU5qVENkCjh1K3pLY2NOQkxYM3Q0SWszR0FPV1NXdER2aXZGNkVPam1IVEJDT0hjdUt2Q0RVYXJ2ZkM3eDYrcFBnVFZYUkYKeGFjaXBQMVVZK01VTHN5cTlEd2RudHZiOWFKREFFU01TSzVNcFNDcHlqUGVPNHk0Y2p5aEFKNVFsNWlETVRjNQplNGFlTHlSSm5ncmM1VXVVdVI0VUVxd1hBK2tpaXVBMFRPRU5wemNTZDZQVXc2c0lZU2JKZkt0eUYwWUY4SWg4CkJXRUdRYm9WeDh6T01aR1JidVhBUHQrbmxKanM5blRwcUFiNmdLUkRzRURXdjUrazNDRnB3Q0RMSFZsY0F0UmsKb0s4bnVJaFp0ZEV0THQyTmV5TXNNQT09Ci0tLS0tRU5EIENFUlRJRklDQVRFLS0tLS0K",
                            "master_auth.0.password": "Q6iMVqoSFPvxBzkr",
                            "master_auth.0.username": "admin",
                            "master_ipv4_cidr_block": "",
                            "master_version": "1.8.8-gke.0",
                            "monitoring_service": "monitoring.googleapis.com",
                            "name": "arcts-kube",
                            "network": "default",
                            "network_policy.#": "1",
                            "network_policy.0.enabled": "false",
                            "network_policy.0.provider": "PROVIDER_UNSPECIFIED",
                            "node_config.#": "1",
                            "node_config.0.disk_size_gb": "10",
                            "node_config.0.guest_accelerator.#": "0",
                            "node_config.0.image_type": "COS",
                            "node_config.0.labels.%": "0",
                            "node_config.0.local_ssd_count": "0",
                            "node_config.0.machine_type": "n1-standard-1",
                            "node_config.0.metadata.%": "0",
                            "node_config.0.min_cpu_platform": "",
                            "node_config.0.oauth_scopes.#": "4",
                            "node_config.0.oauth_scopes.1277378754": "https://www.googleapis.com/auth/monitoring",
                            "node_config.0.oauth_scopes.1632638332": "https://www.googleapis.com/auth/devstorage.read_only",
                            "node_config.0.oauth_scopes.172152165": "https://www.googleapis.com/auth/logging.write",
                            "node_config.0.oauth_scopes.299962681": "https://www.googleapis.com/auth/compute",
                            "node_config.0.preemptible": "false",
                            "node_config.0.service_account": "default",
                            "node_config.0.tags.#": "0",
                            "node_config.0.taint.#": "0",
                            "node_config.0.workload_metadata_config.#": "0",
                            "node_pool.#": "1",
                            "node_pool.0.autoscaling.#": "0",
                            "node_pool.0.initial_node_count": "3",
                            "node_pool.0.instance_group_urls.#": "1",
                            "node_pool.0.instance_group_urls.0": "https://www.googleapis.com/compute/v1/projects/ls-compute/zones/us-east1-b/instanceGroupManagers/gke-arcts-kube-default-pool-29c73390-grp",
                            "node_pool.0.management.#": "1",
                            "node_pool.0.management.0.auto_repair": "false",
                            "node_pool.0.management.0.auto_upgrade": "false",
                            "node_pool.0.name": "default-pool",
                            "node_pool.0.name_prefix": "",
                            "node_pool.0.node_config.#": "1",
                            "node_pool.0.node_config.0.disk_size_gb": "10",
                            "node_pool.0.node_config.0.guest_accelerator.#": "0",
                            "node_pool.0.node_config.0.image_type": "COS",
                            "node_pool.0.node_config.0.labels.%": "0",
                            "node_pool.0.node_config.0.local_ssd_count": "0",
                            "node_pool.0.node_config.0.machine_type": "n1-standard-1",
                            "node_pool.0.node_config.0.metadata.%": "0",
                            "node_pool.0.node_config.0.min_cpu_platform": "",
                            "node_pool.0.node_config.0.oauth_scopes.#": "4",
                            "node_pool.0.node_config.0.oauth_scopes.1277378754": "https://www.googleapis.com/auth/monitoring",
                            "node_pool.0.node_config.0.oauth_scopes.1632638332": "https://www.googleapis.com/auth/devstorage.read_only",
                            "node_pool.0.node_config.0.oauth_scopes.172152165": "https://www.googleapis.com/auth/logging.write",
                            "node_pool.0.node_config.0.oauth_scopes.299962681": "https://www.googleapis.com/auth/compute",
                            "node_pool.0.node_config.0.preemptible": "false",
                            "node_pool.0.node_config.0.service_account": "default",
                            "node_pool.0.node_config.0.tags.#": "0",
                            "node_pool.0.node_config.0.taint.#": "0",
                            "node_pool.0.node_config.0.workload_metadata_config.#": "0",
                            "node_pool.0.node_count": "3",
                            "node_pool.0.version": "1.8.8-gke.0",
                            "node_version": "1.8.8-gke.0",
                            "private_cluster": "false",
                            "project": "ls-compute",
                            "subnetwork": "default",
                            "zone": "us-east1-b"
                        },
                        "meta": {
                            "e2bfb730-ecaa-11e6-8f88-34363bc7c4c0": {
                                "create": 1800000000000,
                                "delete": 600000000000,
                                "update": 600000000000
                            },
                            "schema_version": "1"
                        },
                        "tainted": false
                    },
                    "deposed": [],
                    "provider": "provider.google"
                }
            },
            "depends_on": []
        }
    ]
}
